
Microsoft Visual Studio Solution File, Format Version 12.00
# Visual Studio Version 17
VisualStudioVersion = 17.12.35707.178
MinimumVisualStudioVersion = 10.0.40219.1
Project("{2150E333-8FDC-42A3-9474-1A3956D46DE8}") = "src", "src", "{02EA681E-C7D8-13C7-8484-4AC65E1B71E8}"
EndProject
Project("{2150E333-8FDC-42A3-9474-1A3956D46DE8}") = "1.Data", "1.Data", "{3E187B06-887D-4C24-AC05-F296B56A899D}"
EndProject
Project("{2150E333-8FDC-42A3-9474-1A3956D46DE8}") = "2.Domain", "2.Domain", "{3F284505-96D8-42BA-B44A-C2DD318812FE}"
EndProject
Project("{2150E333-8FDC-42A3-9474-1A3956D46DE8}") = "3.Presentation", "3.Presentation", "{547456F8-BF44-4B48-9064-84BC28FD4143}"
EndProject
Project("{FAE04EC0-301F-11D3-BF4B-00C04F79EFBC}") = "Domain.Model", "src\Domain.Model\Domain.Model.csproj", "{9C9799DE-6533-4120-8777-B7D514B334B7}"
EndProject
Project("{FAE04EC0-301F-11D3-BF4B-00C04F79EFBC}") = "Domain.Repository.Interface", "src\Domain.Repository.Interface\Domain.Repository.Interface.csproj", "{1617D09F-D735-41A3-8E93-FFFC5130B786}"
EndProject
Project("{FAE04EC0-301F-11D3-BF4B-00C04F79EFBC}") = "Data.Util", "src\Data.Util\Data.Util.csproj", "{1365459A-AE77-47A3-9CBB-A3346516FC56}"
EndProject
Project("{FAE04EC0-301F-11D3-BF4B-00C04F79EFBC}") = "Data.Dto", "src\Data.Dto\Data.Dto.csproj", "{EEBF2574-A6D1-4B16-8040-F78DEDE4A7CC}"
EndProject
Project("{FAE04EC0-301F-11D3-BF4B-00C04F79EFBC}") = "Data.Configuration", "src\Data.Configuration\Data.Configuration.csproj", "{3CC167EB-E4DA-4D54-A4AE-9FFFE2CF1EA6}"
EndProject
Project("{FAE04EC0-301F-11D3-BF4B-00C04F79EFBC}") = "Data.Messaging", "src\Data.Messaging\Data.Messaging.csproj", "{6EFDEDAF-D818-8EAB-9834-D9605E266C9C}"
EndProject
Project("{FAE04EC0-301F-11D3-BF4B-00C04F79EFBC}") = "Data.Repository.Implementation", "src\Data.Repository.Implementation\Data.Repository.Implementation.csproj", "{24517645-7D78-73BA-4F27-499233AAACBC}"
EndProject
Project("{FAE04EC0-301F-11D3-BF4B-00C04F79EFBC}") = "Domain.UseCase", "src\Domain.UseCase\Domain.UseCase.csproj", "{E6B6EC97-CB43-4785-35D3-8CD41160C658}"
EndProject
Project("{FAE04EC0-301F-11D3-BF4B-00C04F79EFBC}") = "API", "src\API\API.csproj", "{CBAFC0F9-5B69-AE5B-776E-B650E010DF04}"
EndProject
Project("{2150E333-8FDC-42A3-9474-1A3956D46DE8}") = "4.Testing", "4.Testing", "{8175D0AB-A50B-4BC6-9457-C475F5D807F7}"
EndProject
Project("{FAE04EC0-301F-11D3-BF4B-00C04F79EFBC}") = "Repository.Tests", "src\Repository.Tests\Repository.Tests.csproj", "{9DC8F39D-7B2A-15CB-B182-806C4624872D}"
EndProject
Project("{FAE04EC0-301F-11D3-BF4B-00C04F79EFBC}") = "UseCase.Tests", "src\UseCase.Tests\UseCase.Tests.csproj", "{5195325B-45DC-45DC-2911-F2DC5DCA5ECD}"
EndProject
Global
	GlobalSection(SolutionConfigurationPlatforms) = preSolution
		Debug|Any CPU = Debug|Any CPU
		Release|Any CPU = Release|Any CPU
	EndGlobalSection
	GlobalSection(ProjectConfigurationPlatforms) = postSolution
		{9C9799DE-6533-4120-8777-B7D514B334B7}.Debug|Any CPU.ActiveCfg = Debug|Any CPU
		{9C9799DE-6533-4120-8777-B7D514B334B7}.Debug|Any CPU.Build.0 = Debug|Any CPU
		{9C9799DE-6533-4120-8777-B7D514B334B7}.Release|Any CPU.ActiveCfg = Release|Any CPU
		{9C9799DE-6533-4120-8777-B7D514B334B7}.Release|Any CPU.Build.0 = Release|Any CPU
		{1617D09F-D735-41A3-8E93-FFFC5130B786}.Debug|Any CPU.ActiveCfg = Debug|Any CPU
		{1617D09F-D735-41A3-8E93-FFFC5130B786}.Debug|Any CPU.Build.0 = Debug|Any CPU
		{1617D09F-D735-41A3-8E93-FFFC5130B786}.Release|Any CPU.ActiveCfg = Release|Any CPU
		{1617D09F-D735-41A3-8E93-FFFC5130B786}.Release|Any CPU.Build.0 = Release|Any CPU
		{1365459A-AE77-47A3-9CBB-A3346516FC56}.Debug|Any CPU.ActiveCfg = Debug|Any CPU
		{1365459A-AE77-47A3-9CBB-A3346516FC56}.Debug|Any CPU.Build.0 = Debug|Any CPU
		{1365459A-AE77-47A3-9CBB-A3346516FC56}.Release|Any CPU.ActiveCfg = Release|Any CPU
		{1365459A-AE77-47A3-9CBB-A3346516FC56}.Release|Any CPU.Build.0 = Release|Any CPU
		{EEBF2574-A6D1-4B16-8040-F78DEDE4A7CC}.Debug|Any CPU.ActiveCfg = Debug|Any CPU
		{EEBF2574-A6D1-4B16-8040-F78DEDE4A7CC}.Debug|Any CPU.Build.0 = Debug|Any CPU
		{EEBF2574-A6D1-4B16-8040-F78DEDE4A7CC}.Release|Any CPU.ActiveCfg = Release|Any CPU
		{EEBF2574-A6D1-4B16-8040-F78DEDE4A7CC}.Release|Any CPU.Build.0 = Release|Any CPU
		{3CC167EB-E4DA-4D54-A4AE-9FFFE2CF1EA6}.Debug|Any CPU.ActiveCfg = Debug|Any CPU
		{3CC167EB-E4DA-4D54-A4AE-9FFFE2CF1EA6}.Debug|Any CPU.Build.0 = Debug|Any CPU
		{3CC167EB-E4DA-4D54-A4AE-9FFFE2CF1EA6}.Release|Any CPU.ActiveCfg = Release|Any CPU
		{3CC167EB-E4DA-4D54-A4AE-9FFFE2CF1EA6}.Release|Any CPU.Build.0 = Release|Any CPU
		{6EFDEDAF-D818-8EAB-9834-D9605E266C9C}.Debug|Any CPU.ActiveCfg = Debug|Any CPU
		{6EFDEDAF-D818-8EAB-9834-D9605E266C9C}.Debug|Any CPU.Build.0 = Debug|Any CPU
		{6EFDEDAF-D818-8EAB-9834-D9605E266C9C}.Release|Any CPU.ActiveCfg = Release|Any CPU
		{6EFDEDAF-D818-8EAB-9834-D9605E266C9C}.Release|Any CPU.Build.0 = Release|Any CPU
		{24517645-7D78-73BA-4F27-499233AAACBC}.Debug|Any CPU.ActiveCfg = Debug|Any CPU
		{24517645-7D78-73BA-4F27-499233AAACBC}.Debug|Any CPU.Build.0 = Debug|Any CPU
		{24517645-7D78-73BA-4F27-499233AAACBC}.Release|Any CPU.ActiveCfg = Release|Any CPU
		{24517645-7D78-73BA-4F27-499233AAACBC}.Release|Any CPU.Build.0 = Release|Any CPU
		{E6B6EC97-CB43-4785-35D3-8CD41160C658}.Debug|Any CPU.ActiveCfg = Debug|Any CPU
		{E6B6EC97-CB43-4785-35D3-8CD41160C658}.Debug|Any CPU.Build.0 = Debug|Any CPU
		{E6B6EC97-CB43-4785-35D3-8CD41160C658}.Release|Any CPU.ActiveCfg = Release|Any CPU
		{E6B6EC97-CB43-4785-35D3-8CD41160C658}.Release|Any CPU.Build.0 = Release|Any CPU
		{CBAFC0F9-5B69-AE5B-776E-B650E010DF04}.Debug|Any CPU.ActiveCfg = Debug|Any CPU
		{CBAFC0F9-5B69-AE5B-776E-B650E010DF04}.Debug|Any CPU.Build.0 = Debug|Any CPU
		{CBAFC0F9-5B69-AE5B-776E-B650E010DF04}.Release|Any CPU.ActiveCfg = Release|Any CPU
		{CBAFC0F9-5B69-AE5B-776E-B650E010DF04}.Release|Any CPU.Build.0 = Release|Any CPU
		{9DC8F39D-7B2A-15CB-B182-806C4624872D}.Debug|Any CPU.ActiveCfg = Debug|Any CPU
		{9DC8F39D-7B2A-15CB-B182-806C4624872D}.Debug|Any CPU.Build.0 = Debug|Any CPU
		{9DC8F39D-7B2A-15CB-B182-806C4624872D}.Release|Any CPU.ActiveCfg = Release|Any CPU
		{9DC8F39D-7B2A-15CB-B182-806C4624872D}.Release|Any CPU.Build.0 = Release|Any CPU
		{5195325B-45DC-45DC-2911-F2DC5DCA5ECD}.Debug|Any CPU.ActiveCfg = Debug|Any CPU
		{5195325B-45DC-45DC-2911-F2DC5DCA5ECD}.Debug|Any CPU.Build.0 = Debug|Any CPU
		{5195325B-45DC-45DC-2911-F2DC5DCA5ECD}.Release|Any CPU.ActiveCfg = Release|Any CPU
		{5195325B-45DC-45DC-2911-F2DC5DCA5ECD}.Release|Any CPU.Build.0 = Release|Any CPU
	EndGlobalSection
	GlobalSection(SolutionProperties) = preSolution
		HideSolutionNode = FALSE
	EndGlobalSection
	GlobalSection(NestedProjects) = preSolution
		{3E187B06-887D-4C24-AC05-F296B56A899D} = {02EA681E-C7D8-13C7-8484-4AC65E1B71E8}
		{3F284505-96D8-42BA-B44A-C2DD318812FE} = {02EA681E-C7D8-13C7-8484-4AC65E1B71E8}
		{547456F8-BF44-4B48-9064-84BC28FD4143} = {02EA681E-C7D8-13C7-8484-4AC65E1B71E8}
		{9C9799DE-6533-4120-8777-B7D514B334B7} = {3F284505-96D8-42BA-B44A-C2DD318812FE}
		{1617D09F-D735-41A3-8E93-FFFC5130B786} = {3F284505-96D8-42BA-B44A-C2DD318812FE}
		{1365459A-AE77-47A3-9CBB-A3346516FC56} = {3E187B06-887D-4C24-AC05-F296B56A899D}
		{EEBF2574-A6D1-4B16-8040-F78DEDE4A7CC} = {3E187B06-887D-4C24-AC05-F296B56A899D}
		{3CC167EB-E4DA-4D54-A4AE-9FFFE2CF1EA6} = {3E187B06-887D-4C24-AC05-F296B56A899D}
		{6EFDEDAF-D818-8EAB-9834-D9605E266C9C} = {3E187B06-887D-4C24-AC05-F296B56A899D}
		{24517645-7D78-73BA-4F27-499233AAACBC} = {3E187B06-887D-4C24-AC05-F296B56A899D}
		{E6B6EC97-CB43-4785-35D3-8CD41160C658} = {3F284505-96D8-42BA-B44A-C2DD318812FE}
		{CBAFC0F9-5B69-AE5B-776E-B650E010DF04} = {547456F8-BF44-4B48-9064-84BC28FD4143}
		{8175D0AB-A50B-4BC6-9457-C475F5D807F7} = {02EA681E-C7D8-13C7-8484-4AC65E1B71E8}
		{9DC8F39D-7B2A-15CB-B182-806C4624872D} = {8175D0AB-A50B-4BC6-9457-C475F5D807F7}
		{5195325B-45DC-45DC-2911-F2DC5DCA5ECD} = {8175D0AB-A50B-4BC6-9457-C475F5D807F7}
	EndGlobalSection
	GlobalSection(ExtensibilityGlobals) = postSolution
		SolutionGuid = {2BF9B0E7-CCDA-4033-9668-C78852C8E0FC}
	EndGlobalSection
EndGlobal
